
Microsoft Visual Studio Solution File, Format Version 12.00
# Visual Studio Version 17
VisualStudioVersion = 17.3.32811.315
MinimumVisualStudioVersion = 10.0.40219.1
Project("{FAE04EC0-301F-11D3-BF4B-00C04F79EFBC}") = "aksu-hali-evi", "aksu-hali-evi\aksu-hali-evi.csproj", "{B1FC60C0-B100-4C60-B814-61F9AE321FBD}"
EndProject
Global
	GlobalSection(SolutionConfigurationPlatforms) = preSolution
		Debug|Any CPU = Debug|Any CPU
		Release|Any CPU = Release|Any CPU
	EndGlobalSection
	GlobalSection(ProjectConfigurationPlatforms) = postSolution
		{B1FC60C0-B100-4C60-B814-61F9AE321FBD}.Debug|Any CPU.ActiveCfg = Debug|Any CPU
		{B1FC60C0-B100-4C60-B814-61F9AE321FBD}.Debug|Any CPU.Build.0 = Debug|Any CPU
		{B1FC60C0-B100-4C60-B814-61F9AE321FBD}.Release|Any CPU.ActiveCfg = Release|Any CPU
		{B1FC60C0-B100-4C60-B814-61F9AE321FBD}.Release|Any CPU.Build.0 = Release|Any CPU
	EndGlobalSection
	GlobalSection(SolutionProperties) = preSolution
		HideSolutionNode = FALSE
	EndGlobalSection
	GlobalSection(ExtensibilityGlobals) = postSolution
		SolutionGuid = {B11CF13F-8F90-47B9-A1B4-59D2E02AA534}
	EndGlobalSection
EndGlobal
